{
    "name": "server",
    "version": "1.0.0",
    "lockfileVersion": 3,
    "requires": true,
    "packages": {
        "": {
            "name": "server",
            "version": "1.0.0",
            "license": "ISC",
            "dependencies": {
                "mime-type": "^5.0.3",
                "mime-types": "^3.0.1"
            },
            "devDependencies": {}
        },
        "node_modules/inherits-ex": {
            "version": "2.1.0",
            "resolved": "https://registry.npmjs.org/inherits-ex/-/inherits-ex-2.1.0.tgz",
            "integrity": "sha512-lvIiDNc3vA/RjtYmXSNYaJU4z2JYijO90V0MDC63mDoCuwjGok67u1Cl6vN5xgYkY5m6sOzo3fCKRqSXLq00zA==",
            "license": "MIT",
            "engines": {
                "node": ">=12"
            }
        },
        "node_modules/mime-db": {
            "version": "1.54.0",
            "resolved": "https://registry.npmjs.org/mime-db/-/mime-db-1.54.0.tgz",
            "integrity": "sha512-aU5EJuIN2WDemCcAp2vFBfp/m4EAhWJnUNSSw0ixs7/kXbd6Pg64EmwJkNdFhB8aWt1sH2CTXrLxo/iAGV3oPQ==",
            "license": "MIT",
            "engines": {
                "node": ">= 0.6"
            }
        },
        "node_modules/mime-type": {
            "version": "5.0.3",
            "resolved": "https://registry.npmjs.org/mime-type/-/mime-type-5.0.3.tgz",
            "integrity": "sha512-GR1ptYpYx+Z0orOFlIZXZrMvDxUAvOwquNt1Bymon+cw7yYf1z5WipyzsNv0rhQ18lj+F688Yet8qD+rrKRIHw==",
            "license": "MIT",
            "dependencies": {
                "path.js": "^2.0.1",
                "picomatch": "^4.0.2",
                "util-ex": "^2.1.0"
            },
            "engines": {
                "node": ">= 8.6"
            }
        },
        "node_modules/mime-types": {
            "version": "3.0.1",
            "resolved": "https://registry.npmjs.org/mime-types/-/mime-types-3.0.1.tgz",
            "integrity": "sha512-xRc4oEhT6eaBpU1XF7AjpOFD+xQmXNB5OVKwp4tqCuBpHLS/ZbBDrc07mYTDqVMg6PfxUjjNp85O6Cd2Z/5HWA==",
            "license": "MIT",
            "dependencies": {
                "mime-db": "^1.54.0"
            },
            "engines": {
                "node": ">= 0.6"
            }
        },
        "node_modules/path.js": {
            "version": "2.0.1",
            "resolved": "https://registry.npmjs.org/path.js/-/path.js-2.0.1.tgz",
            "integrity": "sha512-vMXZqQ9i6dAS9sU9lYqxtsc9HCY3i+Ca523+DWEp0nIRNQvRzMpoyMSu9lejp0lv4DLF0jsVpRVljnQ1zaqmGA==",
            "license": "MIT",
            "dependencies": {
                "inherits-ex": "^2.1.0",
                "util-ex": "^2.1.0"
            }
        },
        "node_modules/picomatch": {
            "version": "4.0.3",
            "resolved": "https://registry.npmjs.org/picomatch/-/picomatch-4.0.3.tgz",
            "integrity": "sha512-5gTmgEY/sqK6gFXLIsQNH19lWb4ebPDLA4SdLP7dsWkIXHWlG66oPuVvXSGFPppYZz8ZDZq0dYYrbHfBCVUb1Q==",
            "license": "MIT",
            "engines": {
                "node": ">=12"
            },
            "funding": {
                "url": "https://github.com/sponsors/jonschlinkert"
            }
        },
        "node_modules/util-ex": {
            "version": "2.3.0",
            "resolved": "https://registry.npmjs.org/util-ex/-/util-ex-2.3.0.tgz",
            "integrity": "sha512-Tdp/cRu29WkhLIQfbgOLtBfT4CAj1fnyYpjGfzKSuZKodyxLE/wMsimzRy/Y+CXtZeUrFzuE/5cejZWYx3dQIw==",
            "license": "MIT",
            "dependencies": {
                "inherits-ex": "^2.1.0"
            },
            "engines": {
                "node": ">=8"
            }
        }
    }
}
